// !$*UTF8*$!
{
	archiveVersion = 1;
	classes = {
	};
	objectVersion = 52;
	objects = {

/* Begin PBXBuildFile section */
		96951EAC2602597100A9E78F /* AppDelegate.swift in Sources */ = {isa = PBXBuildFile; fileRef = 96951EAB2602597100A9E78F /* AppDelegate.swift */; };
		96951EAE2602597100A9E78F /* SceneDelegate.swift in Sources */ = {isa = PBXBuildFile; fileRef = 96951EAD2602597100A9E78F /* SceneDelegate.swift */; };
		96951EB02602597100A9E78F /* ViewController.swift in Sources */ = {isa = PBXBuildFile; fileRef = 96951EAF2602597100A9E78F /* ViewController.swift */; };
		96951EB32602597100A9E78F /* Main.storyboard in Resources */ = {isa = PBXBuildFile; fileRef = 96951EB12602597100A9E78F /* Main.storyboard */; };
		96951EB52602597200A9E78F /* Assets.xcassets in Resources */ = {isa = PBXBuildFile; fileRef = 96951EB42602597200A9E78F /* Assets.xcassets */; };
		96951EB82602597200A9E78F /* LaunchScreen.storyboard in Resources */ = {isa = PBXBuildFile; fileRef = 96951EB62602597200A9E78F /* LaunchScreen.storyboard */; };
		96951F3426025A3100A9E78F /* SkeletonView in Frameworks */ = {isa = PBXBuildFile; productRef = 96951F3326025A3100A9E78F /* SkeletonView */; };
		96C834B826025B8900703319 /* TextFieldsVC.swift in Sources */ = {isa = PBXBuildFile; fileRef = 96C834B726025B8900703319 /* TextFieldsVC.swift */; };
		96C834EA26025BF500703319 /* Ekachon-MediumItalic.ttf in Resources */ = {isa = PBXBuildFile; fileRef = 96C834BD26025BF500703319 /* Ekachon-MediumItalic.ttf */; };
		96C834EB26025BF500703319 /* Ekachon-Italic.ttf in Resources */ = {isa = PBXBuildFile; fileRef = 96C834BE26025BF500703319 /* Ekachon-Italic.ttf */; };
		96C834EC26025BF500703319 /* Ekachon-ExtraLight.ttf in Resources */ = {isa = PBXBuildFile; fileRef = 96C834BF26025BF500703319 /* Ekachon-ExtraLight.ttf */; };
		96C834ED26025BF500703319 /* Ekachon-LightItalic.ttf in Resources */ = {isa = PBXBuildFile; fileRef = 96C834C026025BF500703319 /* Ekachon-LightItalic.ttf */; };
		96C834EE26025BF500703319 /* Ekachon-BoldItalic.ttf in Resources */ = {isa = PBXBuildFile; fileRef = 96C834C126025BF500703319 /* Ekachon-BoldItalic.ttf */; };
		96C834EF26025BF500703319 /* Ekachon-Regular.ttf in Resources */ = {isa = PBXBuildFile; fileRef = 96C834C226025BF500703319 /* Ekachon-Regular.ttf */; };
		96C834F026025BF500703319 /* IconAssets.xcassets in Resources */ = {isa = PBXBuildFile; fileRef = 96C834C326025BF500703319 /* IconAssets.xcassets */; };
		96C834F126025BF500703319 /* Ekachon-Medium.ttf in Resources */ = {isa = PBXBuildFile; fileRef = 96C834C426025BF500703319 /* Ekachon-Medium.ttf */; };
		96C834F226025BF500703319 /* Ekachon-Light.ttf in Resources */ = {isa = PBXBuildFile; fileRef = 96C834C526025BF500703319 /* Ekachon-Light.ttf */; };
		96C834F326025BF500703319 /* Ekachon-ExtraLightItalic.ttf in Resources */ = {isa = PBXBuildFile; fileRef = 96C834C626025BF500703319 /* Ekachon-ExtraLightItalic.ttf */; };
		96C834F426025BF500703319 /* Ekachon-Bold.ttf in Resources */ = {isa = PBXBuildFile; fileRef = 96C834C726025BF500703319 /* Ekachon-Bold.ttf */; };
		96C834F526025BF500703319 /* UIImage+Extension.swift in Sources */ = {isa = PBXBuildFile; fileRef = 96C834C926025BF500703319 /* UIImage+Extension.swift */; };
		96C834F626025BF500703319 /* Color+Extension.swift in Sources */ = {isa = PBXBuildFile; fileRef = 96C834CA26025BF500703319 /* Color+Extension.swift */; };
		96C834F726025BF500703319 /* Font+Extension.swift in Sources */ = {isa = PBXBuildFile; fileRef = 96C834CB26025BF500703319 /* Font+Extension.swift */; };
		96C834F826025BF500703319 /* LoadableNib.swift in Sources */ = {isa = PBXBuildFile; fileRef = 96C834CC26025BF500703319 /* LoadableNib.swift */; };
		96C834F926025BF500703319 /* AccountCardsViewItem.swift in Sources */ = {isa = PBXBuildFile; fileRef = 96C834CF26025BF500703319 /* AccountCardsViewItem.swift */; };
		96C834FA26025BF500703319 /* AccountCardsView.swift in Sources */ = {isa = PBXBuildFile; fileRef = 96C834D026025BF500703319 /* AccountCardsView.swift */; };
		96C834FB26025BF500703319 /* AccountCardsViewItem.xib in Resources */ = {isa = PBXBuildFile; fileRef = 96C834D126025BF500703319 /* AccountCardsViewItem.xib */; };
		96C834FC26025BF500703319 /* TTBBaseDesign.swift in Sources */ = {isa = PBXBuildFile; fileRef = 96C834D326025BF500703319 /* TTBBaseDesign.swift */; };
		96C834FD26025BF500703319 /* PrimaryBigButton.swift in Sources */ = {isa = PBXBuildFile; fileRef = 96C834D526025BF500703319 /* PrimaryBigButton.swift */; };
		96C834FE26025BF500703319 /* GhostSmallButton.swift in Sources */ = {isa = PBXBuildFile; fileRef = 96C834D726025BF500703319 /* GhostSmallButton.swift */; };
		96C834FF26025BF500703319 /* GhostLargeButton.swift in Sources */ = {isa = PBXBuildFile; fileRef = 96C834D826025BF500703319 /* GhostLargeButton.swift */; };
		96C8350026025BF500703319 /* GhostMediumButton.swift in Sources */ = {isa = PBXBuildFile; fileRef = 96C834D926025BF500703319 /* GhostMediumButton.swift */; };
		96C8350126025BF500703319 /* TTBButtonType.swift in Sources */ = {isa = PBXBuildFile; fileRef = 96C834DA26025BF500703319 /* TTBButtonType.swift */; };
		96C8350226025BF500703319 /* TTBBaseButton.swift in Sources */ = {isa = PBXBuildFile; fileRef = 96C834DB26025BF500703319 /* TTBBaseButton.swift */; };
		96C8350326025BF500703319 /* PrimaryLargeButton.swift in Sources */ = {isa = PBXBuildFile; fileRef = 96C834DD26025BF500703319 /* PrimaryLargeButton.swift */; };
		96C8350426025BF500703319 /* PrimarySmallButton.swift in Sources */ = {isa = PBXBuildFile; fileRef = 96C834DE26025BF500703319 /* PrimarySmallButton.swift */; };
		96C8350526025BF500703319 /* PrimaryMediumButton.swift in Sources */ = {isa = PBXBuildFile; fileRef = 96C834DF26025BF500703319 /* PrimaryMediumButton.swift */; };
		96C8350626025BF500703319 /* SecondarySmallButton.swift in Sources */ = {isa = PBXBuildFile; fileRef = 96C834E126025BF500703319 /* SecondarySmallButton.swift */; };
		96C8350726025BF500703319 /* SecondaryLargeButton.swift in Sources */ = {isa = PBXBuildFile; fileRef = 96C834E226025BF500703319 /* SecondaryLargeButton.swift */; };
		96C8350826025BF500703319 /* SecondaryMediumButton.swift in Sources */ = {isa = PBXBuildFile; fileRef = 96C834E326025BF500703319 /* SecondaryMediumButton.swift */; };
		96C8350926025BF500703319 /* PrimaryTextView.swift in Sources */ = {isa = PBXBuildFile; fileRef = 96C834E526025BF500703319 /* PrimaryTextView.swift */; };
		96C8350A26025BF500703319 /* PrimaryTextField.swift in Sources */ = {isa = PBXBuildFile; fileRef = 96C834E626025BF500703319 /* PrimaryTextField.swift */; };
		96C8350B26025BF500703319 /* PrimaryTextInputConstants.swift in Sources */ = {isa = PBXBuildFile; fileRef = 96C834E726025BF500703319 /* PrimaryTextInputConstants.swift */; };
		96C8350C26025BF500703319 /* PrimaryTextInput.swift in Sources */ = {isa = PBXBuildFile; fileRef = 96C834E826025BF500703319 /* PrimaryTextInput.swift */; };
		96C8350D26025BF500703319 /* PrimaryPillCategory.swift in Sources */ = {isa = PBXBuildFile; fileRef = 96C834E926025BF500703319 /* PrimaryPillCategory.swift */; };
		96C8351126025C6000703319 /* SDWebImage in Frameworks */ = {isa = PBXBuildFile; productRef = 96C8351026025C6000703319 /* SDWebImage */; };
/* End PBXBuildFile section */

/* Begin PBXFileReference section */
		96951EA82602597100A9E78F /* TestiOSWidgets.app */ = {isa = PBXFileReference; explicitFileType = wrapper.application; includeInIndex = 0; path = TestiOSWidgets.app; sourceTree = BUILT_PRODUCTS_DIR; };
		96951EAB2602597100A9E78F /* AppDelegate.swift */ = {isa = PBXFileReference; lastKnownFileType = sourcecode.swift; path = AppDelegate.swift; sourceTree = "<group>"; };
		96951EAD2602597100A9E78F /* SceneDelegate.swift */ = {isa = PBXFileReference; lastKnownFileType = sourcecode.swift; path = SceneDelegate.swift; sourceTree = "<group>"; };
		96951EAF2602597100A9E78F /* ViewController.swift */ = {isa = PBXFileReference; lastKnownFileType = sourcecode.swift; path = ViewController.swift; sourceTree = "<group>"; };
		96951EB22602597100A9E78F /* Base */ = {isa = PBXFileReference; lastKnownFileType = file.storyboard; name = Base; path = Base.lproj/Main.storyboard; sourceTree = "<group>"; };
		96951EB42602597200A9E78F /* Assets.xcassets */ = {isa = PBXFileReference; lastKnownFileType = folder.assetcatalog; path = Assets.xcassets; sourceTree = "<group>"; };
		96951EB72602597200A9E78F /* Base */ = {isa = PBXFileReference; lastKnownFileType = file.storyboard; name = Base; path = Base.lproj/LaunchScreen.storyboard; sourceTree = "<group>"; };
		96951EB92602597200A9E78F /* Info.plist */ = {isa = PBXFileReference; lastKnownFileType = text.plist.xml; path = Info.plist; sourceTree = "<group>"; };
		96C834B726025B8900703319 /* TextFieldsVC.swift */ = {isa = PBXFileReference; fileEncoding = 4; lastKnownFileType = sourcecode.swift; path = TextFieldsVC.swift; sourceTree = "<group>"; };
		96C834BD26025BF500703319 /* Ekachon-MediumItalic.ttf */ = {isa = PBXFileReference; lastKnownFileType = file; path = "Ekachon-MediumItalic.ttf"; sourceTree = "<group>"; };
		96C834BE26025BF500703319 /* Ekachon-Italic.ttf */ = {isa = PBXFileReference; lastKnownFileType = file; path = "Ekachon-Italic.ttf"; sourceTree = "<group>"; };
		96C834BF26025BF500703319 /* Ekachon-ExtraLight.ttf */ = {isa = PBXFileReference; lastKnownFileType = file; path = "Ekachon-ExtraLight.ttf"; sourceTree = "<group>"; };
		96C834C026025BF500703319 /* Ekachon-LightItalic.ttf */ = {isa = PBXFileReference; lastKnownFileType = file; path = "Ekachon-LightItalic.ttf"; sourceTree = "<group>"; };
		96C834C126025BF500703319 /* Ekachon-BoldItalic.ttf */ = {isa = PBXFileReference; lastKnownFileType = file; path = "Ekachon-BoldItalic.ttf"; sourceTree = "<group>"; };
		96C834C226025BF500703319 /* Ekachon-Regular.ttf */ = {isa = PBXFileReference; lastKnownFileType = file; path = "Ekachon-Regular.ttf"; sourceTree = "<group>"; };
		96C834C326025BF500703319 /* IconAssets.xcassets */ = {isa = PBXFileReference; lastKnownFileType = folder.assetcatalog; path = IconAssets.xcassets; sourceTree = "<group>"; };
		96C834C426025BF500703319 /* Ekachon-Medium.ttf */ = {isa = PBXFileReference; lastKnownFileType = file; path = "Ekachon-Medium.ttf"; sourceTree = "<group>"; };
		96C834C526025BF500703319 /* Ekachon-Light.ttf */ = {isa = PBXFileReference; lastKnownFileType = file; path = "Ekachon-Light.ttf"; sourceTree = "<group>"; };
		96C834C626025BF500703319 /* Ekachon-ExtraLightItalic.ttf */ = {isa = PBXFileReference; lastKnownFileType = file; path = "Ekachon-ExtraLightItalic.ttf"; sourceTree = "<group>"; };
		96C834C726025BF500703319 /* Ekachon-Bold.ttf */ = {isa = PBXFileReference; lastKnownFileType = file; path = "Ekachon-Bold.ttf"; sourceTree = "<group>"; };
		96C834C926025BF500703319 /* UIImage+Extension.swift */ = {isa = PBXFileReference; fileEncoding = 4; lastKnownFileType = sourcecode.swift; path = "UIImage+Extension.swift"; sourceTree = "<group>"; };
		96C834CA26025BF500703319 /* Color+Extension.swift */ = {isa = PBXFileReference; fileEncoding = 4; lastKnownFileType = sourcecode.swift; path = "Color+Extension.swift"; sourceTree = "<group>"; };
		96C834CB26025BF500703319 /* Font+Extension.swift */ = {isa = PBXFileReference; fileEncoding = 4; lastKnownFileType = sourcecode.swift; path = "Font+Extension.swift"; sourceTree = "<group>"; };
		96C834CC26025BF500703319 /* LoadableNib.swift */ = {isa = PBXFileReference; fileEncoding = 4; lastKnownFileType = sourcecode.swift; path = LoadableNib.swift; sourceTree = "<group>"; };
		96C834CF26025BF500703319 /* AccountCardsViewItem.swift */ = {isa = PBXFileReference; fileEncoding = 4; lastKnownFileType = sourcecode.swift; path = AccountCardsViewItem.swift; sourceTree = "<group>"; };
		96C834D026025BF500703319 /* AccountCardsView.swift */ = {isa = PBXFileReference; fileEncoding = 4; lastKnownFileType = sourcecode.swift; path = AccountCardsView.swift; sourceTree = "<group>"; };
		96C834D126025BF500703319 /* AccountCardsViewItem.xib */ = {isa = PBXFileReference; fileEncoding = 4; lastKnownFileType = file.xib; path = AccountCardsViewItem.xib; sourceTree = "<group>"; };
		96C834D326025BF500703319 /* TTBBaseDesign.swift */ = {isa = PBXFileReference; fileEncoding = 4; lastKnownFileType = sourcecode.swift; path = TTBBaseDesign.swift; sourceTree = "<group>"; };
		96C834D526025BF500703319 /* PrimaryBigButton.swift */ = {isa = PBXFileReference; fileEncoding = 4; lastKnownFileType = sourcecode.swift; path = PrimaryBigButton.swift; sourceTree = "<group>"; };
		96C834D726025BF500703319 /* GhostSmallButton.swift */ = {isa = PBXFileReference; fileEncoding = 4; lastKnownFileType = sourcecode.swift; path = GhostSmallButton.swift; sourceTree = "<group>"; };
		96C834D826025BF500703319 /* GhostLargeButton.swift */ = {isa = PBXFileReference; fileEncoding = 4; lastKnownFileType = sourcecode.swift; path = GhostLargeButton.swift; sourceTree = "<group>"; };
		96C834D926025BF500703319 /* GhostMediumButton.swift */ = {isa = PBXFileReference; fileEncoding = 4; lastKnownFileType = sourcecode.swift; path = GhostMediumButton.swift; sourceTree = "<group>"; };
		96C834DA26025BF500703319 /* TTBButtonType.swift */ = {isa = PBXFileReference; fileEncoding = 4; lastKnownFileType = sourcecode.swift; path = TTBButtonType.swift; sourceTree = "<group>"; };
		96C834DB26025BF500703319 /* TTBBaseButton.swift */ = {isa = PBXFileReference; fileEncoding = 4; lastKnownFileType = sourcecode.swift; path = TTBBaseButton.swift; sourceTree = "<group>"; };
		96C834DD26025BF500703319 /* PrimaryLargeButton.swift */ = {isa = PBXFileReference; fileEncoding = 4; lastKnownFileType = sourcecode.swift; path = PrimaryLargeButton.swift; sourceTree = "<group>"; };
		96C834DE26025BF500703319 /* PrimarySmallButton.swift */ = {isa = PBXFileReference; fileEncoding = 4; lastKnownFileType = sourcecode.swift; path = PrimarySmallButton.swift; sourceTree = "<group>"; };
		96C834DF26025BF500703319 /* PrimaryMediumButton.swift */ = {isa = PBXFileReference; fileEncoding = 4; lastKnownFileType = sourcecode.swift; path = PrimaryMediumButton.swift; sourceTree = "<group>"; };
		96C834E126025BF500703319 /* SecondarySmallButton.swift */ = {isa = PBXFileReference; fileEncoding = 4; lastKnownFileType = sourcecode.swift; path = SecondarySmallButton.swift; sourceTree = "<group>"; };
		96C834E226025BF500703319 /* SecondaryLargeButton.swift */ = {isa = PBXFileReference; fileEncoding = 4; lastKnownFileType = sourcecode.swift; path = SecondaryLargeButton.swift; sourceTree = "<group>"; };
		96C834E326025BF500703319 /* SecondaryMediumButton.swift */ = {isa = PBXFileReference; fileEncoding = 4; lastKnownFileType = sourcecode.swift; path = SecondaryMediumButton.swift; sourceTree = "<group>"; };
		96C834E526025BF500703319 /* PrimaryTextView.swift */ = {isa = PBXFileReference; fileEncoding = 4; lastKnownFileType = sourcecode.swift; path = PrimaryTextView.swift; sourceTree = "<group>"; };
		96C834E626025BF500703319 /* PrimaryTextField.swift */ = {isa = PBXFileReference; fileEncoding = 4; lastKnownFileType = sourcecode.swift; path = PrimaryTextField.swift; sourceTree = "<group>"; };
		96C834E726025BF500703319 /* PrimaryTextInputConstants.swift */ = {isa = PBXFileReference; fileEncoding = 4; lastKnownFileType = sourcecode.swift; path = PrimaryTextInputConstants.swift; sourceTree = "<group>"; };
		96C834E826025BF500703319 /* PrimaryTextInput.swift */ = {isa = PBXFileReference; fileEncoding = 4; lastKnownFileType = sourcecode.swift; path = PrimaryTextInput.swift; sourceTree = "<group>"; };
		96C834E926025BF500703319 /* PrimaryPillCategory.swift */ = {isa = PBXFileReference; fileEncoding = 4; lastKnownFileType = sourcecode.swift; path = PrimaryPillCategory.swift; sourceTree = "<group>"; };
/* End PBXFileReference section */

/* Begin PBXFrameworksBuildPhase section */
		96951EA52602597100A9E78F /* Frameworks */ = {
			isa = PBXFrameworksBuildPhase;
			buildActionMask = 2147483647;
			files = (
				96C8351126025C6000703319 /* SDWebImage in Frameworks */,
				96951F3426025A3100A9E78F /* SkeletonView in Frameworks */,
			);
			runOnlyForDeploymentPostprocessing = 0;
		};
/* End PBXFrameworksBuildPhase section */

/* Begin PBXGroup section */
		96951E9F2602597100A9E78F = {
			isa = PBXGroup;
			children = (
				96951EAA2602597100A9E78F /* TestiOSWidgets */,
				96951EA92602597100A9E78F /* Products */,
			);
			sourceTree = "<group>";
		};
		96951EA92602597100A9E78F /* Products */ = {
			isa = PBXGroup;
			children = (
				96951EA82602597100A9E78F /* TestiOSWidgets.app */,
			);
			name = Products;
			sourceTree = "<group>";
		};
		96951EAA2602597100A9E78F /* TestiOSWidgets */ = {
			isa = PBXGroup;
			children = (
				96951EAB2602597100A9E78F /* AppDelegate.swift */,
				96951EAD2602597100A9E78F /* SceneDelegate.swift */,
				96951EAF2602597100A9E78F /* ViewController.swift */,
				96C834B726025B8900703319 /* TextFieldsVC.swift */,
				96951EB12602597100A9E78F /* Main.storyboard */,
				96C834BB26025BF500703319 /* iOSWidgets */,
				96951EB42602597200A9E78F /* Assets.xcassets */,
				96951EB62602597200A9E78F /* LaunchScreen.storyboard */,
				96951EB92602597200A9E78F /* Info.plist */,
			);
			path = TestiOSWidgets;
			sourceTree = "<group>";
		};
		96C834BB26025BF500703319 /* iOSWidgets */ = {
			isa = PBXGroup;
			children = (
				96C834BC26025BF500703319 /* Resources */,
				96C834C826025BF500703319 /* Extensions */,
				96C834CD26025BF500703319 /* View */,
			);
			name = iOSWidgets;
			path = ../../iOSWidgets/Sources/iOSWidgets;
			sourceTree = "<group>";
		};
		96C834BC26025BF500703319 /* Resources */ = {
			isa = PBXGroup;
			children = (
				96C834BD26025BF500703319 /* Ekachon-MediumItalic.ttf */,
				96C834BE26025BF500703319 /* Ekachon-Italic.ttf */,
				96C834BF26025BF500703319 /* Ekachon-ExtraLight.ttf */,
				96C834C026025BF500703319 /* Ekachon-LightItalic.ttf */,
				96C834C126025BF500703319 /* Ekachon-BoldItalic.ttf */,
				96C834C226025BF500703319 /* Ekachon-Regular.ttf */,
				96C834C326025BF500703319 /* IconAssets.xcassets */,
				96C834C426025BF500703319 /* Ekachon-Medium.ttf */,
				96C834C526025BF500703319 /* Ekachon-Light.ttf */,
				96C834C626025BF500703319 /* Ekachon-ExtraLightItalic.ttf */,
				96C834C726025BF500703319 /* Ekachon-Bold.ttf */,
			);
			path = Resources;
			sourceTree = "<group>";
		};
		96C834C826025BF500703319 /* Extensions */ = {
			isa = PBXGroup;
			children = (
				96C834C926025BF500703319 /* UIImage+Extension.swift */,
				96C834CA26025BF500703319 /* Color+Extension.swift */,
				96C834CB26025BF500703319 /* Font+Extension.swift */,
				96C834CC26025BF500703319 /* LoadableNib.swift */,
			);
			path = Extensions;
			sourceTree = "<group>";
		};
		96C834CD26025BF500703319 /* View */ = {
			isa = PBXGroup;
			children = (
				96C834CE26025BF500703319 /* AccountCards */,
				96C834D226025BF500703319 /* Designs */,
				96C834D426025BF500703319 /* Buttons */,
				96C834E426025BF500703319 /* TextField */,
			);
			path = View;
			sourceTree = "<group>";
		};
		96C834CE26025BF500703319 /* AccountCards */ = {
			isa = PBXGroup;
			children = (
				96C834CF26025BF500703319 /* AccountCardsViewItem.swift */,
				96C834D026025BF500703319 /* AccountCardsView.swift */,
				96C834D126025BF500703319 /* AccountCardsViewItem.xib */,
			);
			path = AccountCards;
			sourceTree = "<group>";
		};
		96C834D226025BF500703319 /* Designs */ = {
			isa = PBXGroup;
			children = (
				96C834D326025BF500703319 /* TTBBaseDesign.swift */,
			);
			path = Designs;
			sourceTree = "<group>";
		};
		96C834D426025BF500703319 /* Buttons */ = {
			isa = PBXGroup;
			children = (
				96C834D526025BF500703319 /* PrimaryBigButton.swift */,
				96C834D626025BF500703319 /* Ghost */,
				96C834DA26025BF500703319 /* TTBButtonType.swift */,
				96C834DB26025BF500703319 /* TTBBaseButton.swift */,
				96C834DC26025BF500703319 /* Primary */,
				96C834E026025BF500703319 /* Secondary */,
			);
			path = Buttons;
			sourceTree = "<group>";
		};
		96C834D626025BF500703319 /* Ghost */ = {
			isa = PBXGroup;
			children = (
				96C834D726025BF500703319 /* GhostSmallButton.swift */,
				96C834D826025BF500703319 /* GhostLargeButton.swift */,
				96C834D926025BF500703319 /* GhostMediumButton.swift */,
			);
			path = Ghost;
			sourceTree = "<group>";
		};
		96C834DC26025BF500703319 /* Primary */ = {
			isa = PBXGroup;
			children = (
				96C834DD26025BF500703319 /* PrimaryLargeButton.swift */,
				96C834DE26025BF500703319 /* PrimarySmallButton.swift */,
				96C834DF26025BF500703319 /* PrimaryMediumButton.swift */,
			);
			path = Primary;
			sourceTree = "<group>";
		};
		96C834E026025BF500703319 /* Secondary */ = {
			isa = PBXGroup;
			children = (
				96C834E126025BF500703319 /* SecondarySmallButton.swift */,
				96C834E226025BF500703319 /* SecondaryLargeButton.swift */,
				96C834E326025BF500703319 /* SecondaryMediumButton.swift */,
			);
			path = Secondary;
			sourceTree = "<group>";
		};
		96C834E426025BF500703319 /* TextField */ = {
			isa = PBXGroup;
			children = (
				96C834E526025BF500703319 /* PrimaryTextView.swift */,
				96C834E626025BF500703319 /* PrimaryTextField.swift */,
				96C834E726025BF500703319 /* PrimaryTextInputConstants.swift */,
				96C834E826025BF500703319 /* PrimaryTextInput.swift */,
				96C834E926025BF500703319 /* PrimaryPillCategory.swift */,
			);
			path = TextField;
			sourceTree = "<group>";
		};
/* End PBXGroup section */

/* Begin PBXNativeTarget section */
		96951EA72602597100A9E78F /* TestiOSWidgets */ = {
			isa = PBXNativeTarget;
			buildConfigurationList = 96951EBC2602597200A9E78F /* Build configuration list for PBXNativeTarget "TestiOSWidgets" */;
			buildPhases = (
				96951EA42602597100A9E78F /* Sources */,
				96951EA52602597100A9E78F /* Frameworks */,
				96951EA62602597100A9E78F /* Resources */,
			);
			buildRules = (
			);
			dependencies = (
			);
			name = TestiOSWidgets;
			packageProductDependencies = (
				96951F3326025A3100A9E78F /* SkeletonView */,
				96C8351026025C6000703319 /* SDWebImage */,
			);
			productName = TestiOSWidgets;
			productReference = 96951EA82602597100A9E78F /* TestiOSWidgets.app */;
			productType = "com.apple.product-type.application";
		};
/* End PBXNativeTarget section */

/* Begin PBXProject section */
		96951EA02602597100A9E78F /* Project object */ = {
			isa = PBXProject;
			attributes = {
				LastSwiftUpdateCheck = 1230;
				LastUpgradeCheck = 1230;
				TargetAttributes = {
					96951EA72602597100A9E78F = {
						CreatedOnToolsVersion = 12.3;
					};
				};
			};
			buildConfigurationList = 96951EA32602597100A9E78F /* Build configuration list for PBXProject "TestiOSWidgets" */;
			compatibilityVersion = "Xcode 9.3";
			developmentRegion = en;
			hasScannedForEncodings = 0;
			knownRegions = (
				en,
				Base,
			);
			mainGroup = 96951E9F2602597100A9E78F;
			packageReferences = (
				96951F3226025A3100A9E78F /* XCRemoteSwiftPackageReference "SkeletonView" */,
				96C8350F26025C6000703319 /* XCRemoteSwiftPackageReference "SDWebImage" */,
			);
			productRefGroup = 96951EA92602597100A9E78F /* Products */;
			projectDirPath = "";
			projectRoot = "";
			targets = (
				96951EA72602597100A9E78F /* TestiOSWidgets */,
			);
		};
/* End PBXProject section */

/* Begin PBXResourcesBuildPhase section */
		96951EA62602597100A9E78F /* Resources */ = {
			isa = PBXResourcesBuildPhase;
			buildActionMask = 2147483647;
			files = (
				96951EB82602597200A9E78F /* LaunchScreen.storyboard in Resources */,
				96C834EA26025BF500703319 /* Ekachon-MediumItalic.ttf in Resources */,
				96C834EC26025BF500703319 /* Ekachon-ExtraLight.ttf in Resources */,
				96C834ED26025BF500703319 /* Ekachon-LightItalic.ttf in Resources */,
				96C834EB26025BF500703319 /* Ekachon-Italic.ttf in Resources */,
				96C834F126025BF500703319 /* Ekachon-Medium.ttf in Resources */,
				96951EB52602597200A9E78F /* Assets.xcassets in Resources */,
				96C834F226025BF500703319 /* Ekachon-Light.ttf in Resources */,
				96951EB32602597100A9E78F /* Main.storyboard in Resources */,
				96C834F026025BF500703319 /* IconAssets.xcassets in Resources */,
				96C834EF26025BF500703319 /* Ekachon-Regular.ttf in Resources */,
				96C834FB26025BF500703319 /* AccountCardsViewItem.xib in Resources */,
				96C834F426025BF500703319 /* Ekachon-Bold.ttf in Resources */,
				96C834F326025BF500703319 /* Ekachon-ExtraLightItalic.ttf in Resources */,
				96C834EE26025BF500703319 /* Ekachon-BoldItalic.ttf in Resources */,
			);
			runOnlyForDeploymentPostprocessing = 0;
		};
/* End PBXResourcesBuildPhase section */

/* Begin PBXSourcesBuildPhase section */
		96951EA42602597100A9E78F /* Sources */ = {
			isa = PBXSourcesBuildPhase;
			buildActionMask = 2147483647;
			files = (
				96951EB02602597100A9E78F /* ViewController.swift in Sources */,
				96C834F826025BF500703319 /* LoadableNib.swift in Sources */,
				96C8350826025BF500703319 /* SecondaryMediumButton.swift in Sources */,
				96C834F626025BF500703319 /* Color+Extension.swift in Sources */,
				96951EAC2602597100A9E78F /* AppDelegate.swift in Sources */,
				96C8350026025BF500703319 /* GhostMediumButton.swift in Sources */,
				96C8350526025BF500703319 /* PrimaryMediumButton.swift in Sources */,
				96C834F526025BF500703319 /* UIImage+Extension.swift in Sources */,
				96C8350126025BF500703319 /* TTBButtonType.swift in Sources */,
				96C8350726025BF500703319 /* SecondaryLargeButton.swift in Sources */,
				96C8350A26025BF500703319 /* PrimaryTextField.swift in Sources */,
				96C8350426025BF500703319 /* PrimarySmallButton.swift in Sources */,
				96C834B826025B8900703319 /* TextFieldsVC.swift in Sources */,
				96C8350226025BF500703319 /* TTBBaseButton.swift in Sources */,
				96C834FA26025BF500703319 /* AccountCardsView.swift in Sources */,
				96C8350D26025BF500703319 /* PrimaryPillCategory.swift in Sources */,
				96C834FF26025BF500703319 /* GhostLargeButton.swift in Sources */,
				96C8350B26025BF500703319 /* PrimaryTextInputConstants.swift in Sources */,
				96C834F926025BF500703319 /* AccountCardsViewItem.swift in Sources */,
				96C8350326025BF500703319 /* PrimaryLargeButton.swift in Sources */,
				96C834FC26025BF500703319 /* TTBBaseDesign.swift in Sources */,
				96C834F726025BF500703319 /* Font+Extension.swift in Sources */,
				96951EAE2602597100A9E78F /* SceneDelegate.swift in Sources */,
				96C8350C26025BF500703319 /* PrimaryTextInput.swift in Sources */,
				96C8350926025BF500703319 /* PrimaryTextView.swift in Sources */,
				96C834FD26025BF500703319 /* PrimaryBigButton.swift in Sources */,
				96C834FE26025BF500703319 /* GhostSmallButton.swift in Sources */,
				96C8350626025BF500703319 /* SecondarySmallButton.swift in Sources */,
			);
			runOnlyForDeploymentPostprocessing = 0;
		};
/* End PBXSourcesBuildPhase section */

/* Begin PBXVariantGroup section */
		96951EB12602597100A9E78F /* Main.storyboard */ = {
			isa = PBXVariantGroup;
			children = (
				96951EB22602597100A9E78F /* Base */,
			);
			name = Main.storyboard;
			sourceTree = "<group>";
		};
		96951EB62602597200A9E78F /* LaunchScreen.storyboard */ = {
			isa = PBXVariantGroup;
			children = (
				96951EB72602597200A9E78F /* Base */,
			);
			name = LaunchScreen.storyboard;
			sourceTree = "<group>";
		};
/* End PBXVariantGroup section */

/* Begin XCBuildConfiguration section */
		96951EBA2602597200A9E78F /* Debug */ = {
			isa = XCBuildConfiguration;
			buildSettings = {
				ALWAYS_SEARCH_USER_PATHS = NO;
				CLANG_ANALYZER_NONNULL = YES;
				CLANG_ANALYZER_NUMBER_OBJECT_CONVERSION = YES_AGGRESSIVE;
				CLANG_CXX_LANGUAGE_STANDARD = "gnu++14";
				CLANG_CXX_LIBRARY = "libc++";
				CLANG_ENABLE_MODULES = YES;
				CLANG_ENABLE_OBJC_ARC = YES;
				CLANG_ENABLE_OBJC_WEAK = YES;
				CLANG_WARN_BLOCK_CAPTURE_AUTORELEASING = YES;
				CLANG_WARN_BOOL_CONVERSION = YES;
				CLANG_WARN_COMMA = YES;
				CLANG_WARN_CONSTANT_CONVERSION = YES;
				CLANG_WARN_DEPRECATED_OBJC_IMPLEMENTATIONS = YES;
				CLANG_WARN_DIRECT_OBJC_ISA_USAGE = YES_ERROR;
				CLANG_WARN_DOCUMENTATION_COMMENTS = YES;
				CLANG_WARN_EMPTY_BODY = YES;
				CLANG_WARN_ENUM_CONVERSION = YES;
				CLANG_WARN_INFINITE_RECURSION = YES;
				CLANG_WARN_INT_CONVERSION = YES;
				CLANG_WARN_NON_LITERAL_NULL_CONVERSION = YES;
				CLANG_WARN_OBJC_IMPLICIT_RETAIN_SELF = YES;
				CLANG_WARN_OBJC_LITERAL_CONVERSION = YES;
				CLANG_WARN_OBJC_ROOT_CLASS = YES_ERROR;
				CLANG_WARN_QUOTED_INCLUDE_IN_FRAMEWORK_HEADER = YES;
				CLANG_WARN_RANGE_LOOP_ANALYSIS = YES;
				CLANG_WARN_STRICT_PROTOTYPES = YES;
				CLANG_WARN_SUSPICIOUS_MOVE = YES;
				CLANG_WARN_UNGUARDED_AVAILABILITY = YES_AGGRESSIVE;
				CLANG_WARN_UNREACHABLE_CODE = YES;
				CLANG_WARN__DUPLICATE_METHOD_MATCH = YES;
				COPY_PHASE_STRIP = NO;
				DEBUG_INFORMATION_FORMAT = dwarf;
				ENABLE_STRICT_OBJC_MSGSEND = YES;
				ENABLE_TESTABILITY = YES;
				GCC_C_LANGUAGE_STANDARD = gnu11;
				GCC_DYNAMIC_NO_PIC = NO;
				GCC_NO_COMMON_BLOCKS = YES;
				GCC_OPTIMIZATION_LEVEL = 0;
				GCC_PREPROCESSOR_DEFINITIONS = (
					"DEBUG=1",
					"$(inherited)",
				);
				GCC_WARN_64_TO_32_BIT_CONVERSION = YES;
				GCC_WARN_ABOUT_RETURN_TYPE = YES_ERROR;
				GCC_WARN_UNDECLARED_SELECTOR = YES;
				GCC_WARN_UNINITIALIZED_AUTOS = YES_AGGRESSIVE;
				GCC_WARN_UNUSED_FUNCTION = YES;
				GCC_WARN_UNUSED_VARIABLE = YES;
				IPHONEOS_DEPLOYMENT_TARGET = 14.3;
				MTL_ENABLE_DEBUG_INFO = INCLUDE_SOURCE;
				MTL_FAST_MATH = YES;
				ONLY_ACTIVE_ARCH = YES;
				SDKROOT = iphoneos;
				SWIFT_ACTIVE_COMPILATION_CONDITIONS = DEBUG;
				SWIFT_OPTIMIZATION_LEVEL = "-Onone";
			};
			name = Debug;
		};
		96951EBB2602597200A9E78F /* Release */ = {
			isa = XCBuildConfiguration;
			buildSettings = {
				ALWAYS_SEARCH_USER_PATHS = NO;
				CLANG_ANALYZER_NONNULL = YES;
				CLANG_ANALYZER_NUMBER_OBJECT_CONVERSION = YES_AGGRESSIVE;
				CLANG_CXX_LANGUAGE_STANDARD = "gnu++14";
				CLANG_CXX_LIBRARY = "libc++";
				CLANG_ENABLE_MODULES = YES;
				CLANG_ENABLE_OBJC_ARC = YES;
				CLANG_ENABLE_OBJC_WEAK = YES;
				CLANG_WARN_BLOCK_CAPTURE_AUTORELEASING = YES;
				CLANG_WARN_BOOL_CONVERSION = YES;
				CLANG_WARN_COMMA = YES;
				CLANG_WARN_CONSTANT_CONVERSION = YES;
				CLANG_WARN_DEPRECATED_OBJC_IMPLEMENTATIONS = YES;
				CLANG_WARN_DIRECT_OBJC_ISA_USAGE = YES_ERROR;
				CLANG_WARN_DOCUMENTATION_COMMENTS = YES;
				CLANG_WARN_EMPTY_BODY = YES;
				CLANG_WARN_ENUM_CONVERSION = YES;
				CLANG_WARN_INFINITE_RECURSION = YES;
				CLANG_WARN_INT_CONVERSION = YES;
				CLANG_WARN_NON_LITERAL_NULL_CONVERSION = YES;
				CLANG_WARN_OBJC_IMPLICIT_RETAIN_SELF = YES;
				CLANG_WARN_OBJC_LITERAL_CONVERSION = YES;
				CLANG_WARN_OBJC_ROOT_CLASS = YES_ERROR;
				CLANG_WARN_QUOTED_INCLUDE_IN_FRAMEWORK_HEADER = YES;
				CLANG_WARN_RANGE_LOOP_ANALYSIS = YES;
				CLANG_WARN_STRICT_PROTOTYPES = YES;
				CLANG_WARN_SUSPICIOUS_MOVE = YES;
				CLANG_WARN_UNGUARDED_AVAILABILITY = YES_AGGRESSIVE;
				CLANG_WARN_UNREACHABLE_CODE = YES;
				CLANG_WARN__DUPLICATE_METHOD_MATCH = YES;
				COPY_PHASE_STRIP = NO;
				DEBUG_INFORMATION_FORMAT = "dwarf-with-dsym";
				ENABLE_NS_ASSERTIONS = NO;
				ENABLE_STRICT_OBJC_MSGSEND = YES;
				GCC_C_LANGUAGE_STANDARD = gnu11;
				GCC_NO_COMMON_BLOCKS = YES;
				GCC_WARN_64_TO_32_BIT_CONVERSION = YES;
				GCC_WARN_ABOUT_RETURN_TYPE = YES_ERROR;
				GCC_WARN_UNDECLARED_SELECTOR = YES;
				GCC_WARN_UNINITIALIZED_AUTOS = YES_AGGRESSIVE;
				GCC_WARN_UNUSED_FUNCTION = YES;
				GCC_WARN_UNUSED_VARIABLE = YES;
				IPHONEOS_DEPLOYMENT_TARGET = 14.3;
				MTL_ENABLE_DEBUG_INFO = NO;
				MTL_FAST_MATH = YES;
				SDKROOT = iphoneos;
				SWIFT_COMPILATION_MODE = wholemodule;
				SWIFT_OPTIMIZATION_LEVEL = "-O";
				VALIDATE_PRODUCT = YES;
			};
			name = Release;
		};
		96951EBD2602597200A9E78F /* Debug */ = {
			isa = XCBuildConfiguration;
			buildSettings = {
				ASSETCATALOG_COMPILER_APPICON_NAME = AppIcon;
				ASSETCATALOG_COMPILER_GLOBAL_ACCENT_COLOR_NAME = AccentColor;
				CODE_SIGN_STYLE = Automatic;
				DEVELOPMENT_TEAM = 2U44HW5B4A;
				INFOPLIST_FILE = TestiOSWidgets/Info.plist;
				LD_RUNPATH_SEARCH_PATHS = (
					"$(inherited)",
					"@executable_path/Frameworks",
				);
				PRODUCT_BUNDLE_IDENTIFIER = com.sitthorn.TestiOSWidgets;
				PRODUCT_NAME = "$(TARGET_NAME)";
				SWIFT_VERSION = 5.0;
				TARGETED_DEVICE_FAMILY = "1,2";
			};
			name = Debug;
		};
		96951EBE2602597200A9E78F /* Release */ = {
			isa = XCBuildConfiguration;
			buildSettings = {
				ASSETCATALOG_COMPILER_APPICON_NAME = AppIcon;
				ASSETCATALOG_COMPILER_GLOBAL_ACCENT_COLOR_NAME = AccentColor;
				CODE_SIGN_STYLE = Automatic;
				DEVELOPMENT_TEAM = 2U44HW5B4A;
				INFOPLIST_FILE = TestiOSWidgets/Info.plist;
				LD_RUNPATH_SEARCH_PATHS = (
					"$(inherited)",
					"@executable_path/Frameworks",
				);
				PRODUCT_BUNDLE_IDENTIFIER = com.sitthorn.TestiOSWidgets;
				PRODUCT_NAME = "$(TARGET_NAME)";
				SWIFT_VERSION = 5.0;
				TARGETED_DEVICE_FAMILY = "1,2";
			};
			name = Release;
		};
/* End XCBuildConfiguration section */

/* Begin XCConfigurationList section */
		96951EA32602597100A9E78F /* Build configuration list for PBXProject "TestiOSWidgets" */ = {
			isa = XCConfigurationList;
			buildConfigurations = (
				96951EBA2602597200A9E78F /* Debug */,
				96951EBB2602597200A9E78F /* Release */,
			);
			defaultConfigurationIsVisible = 0;
			defaultConfigurationName = Release;
		};
		96951EBC2602597200A9E78F /* Build configuration list for PBXNativeTarget "TestiOSWidgets" */ = {
			isa = XCConfigurationList;
			buildConfigurations = (
				96951EBD2602597200A9E78F /* Debug */,
				96951EBE2602597200A9E78F /* Release */,
			);
			defaultConfigurationIsVisible = 0;
			defaultConfigurationName = Release;
		};
/* End XCConfigurationList section */

/* Begin XCRemoteSwiftPackageReference section */
		96951F3226025A3100A9E78F /* XCRemoteSwiftPackageReference "SkeletonView" */ = {
			isa = XCRemoteSwiftPackageReference;
			repositoryURL = "git@github.com:Juanpe/SkeletonView.git";
			requirement = {
				kind = upToNextMajorVersion;
				minimumVersion = 1.7.0;
			};
		};
		96C8350F26025C6000703319 /* XCRemoteSwiftPackageReference "SDWebImage" */ = {
			isa = XCRemoteSwiftPackageReference;
			repositoryURL = "https://github.com/SDWebImage/SDWebImage.git";
			requirement = {
				kind = upToNextMajorVersion;
				minimumVersion = 5.10.4;
			};
		};
/* End XCRemoteSwiftPackageReference section */

/* Begin XCSwiftPackageProductDependency section */
		96951F3326025A3100A9E78F /* SkeletonView */ = {
			isa = XCSwiftPackageProductDependency;
			package = 96951F3226025A3100A9E78F /* XCRemoteSwiftPackageReference "SkeletonView" */;
			productName = SkeletonView;
		};
		96C8351026025C6000703319 /* SDWebImage */ = {
			isa = XCSwiftPackageProductDependency;
			package = 96C8350F26025C6000703319 /* XCRemoteSwiftPackageReference "SDWebImage" */;
			productName = SDWebImage;
		};
/* End XCSwiftPackageProductDependency section */
	};
	rootObject = 96951EA02602597100A9E78F /* Project object */;
}
